
Microsoft Visual Studio Solution File, Format Version 12.00
# Visual Studio 2012
Project("{FAE04EC0-301F-11D3-BF4B-00C04F79EFBC}") = "Northwind.Models", "Northwind.Models\Northwind.Models.csproj", "{7F2CC89C-BFFF-4BD8-95FC-02EEAF3BF2A1}"
EndProject
Project("{FAE04EC0-301F-11D3-BF4B-00C04F79EFBC}") = "Nortwind.CustomerManupulations", "Nortwind.CustomerManupulations\Nortwind.CustomerManupulations.csproj", "{64CE82DF-B0C3-47FD-84B5-6F9DCE2B9D51}"
EndProject
Project("{FAE04EC0-301F-11D3-BF4B-00C04F79EFBC}") = "4.SearchThroughNativeSQL", "4.SearchThroughNativeSQL\4.SearchThroughNativeSQL.csproj", "{C7E830E7-D10B-4F22-8582-C0C66AAA4C31}"
EndProject
Project("{FAE04EC0-301F-11D3-BF4B-00C04F79EFBC}") = "6.CopyNorthwind", "6.CopyNorthwind\6.CopyNorthwind.csproj", "{A0921DAB-13A3-4B24-B3E8-B2B46E49CC64}"
EndProject
Global
	GlobalSection(SolutionConfigurationPlatforms) = preSolution
		Debug|Any CPU = Debug|Any CPU
		Release|Any CPU = Release|Any CPU
	EndGlobalSection
	GlobalSection(ProjectConfigurationPlatforms) = postSolution
		{7F2CC89C-BFFF-4BD8-95FC-02EEAF3BF2A1}.Debug|Any CPU.ActiveCfg = Debug|Any CPU
		{7F2CC89C-BFFF-4BD8-95FC-02EEAF3BF2A1}.Debug|Any CPU.Build.0 = Debug|Any CPU
		{7F2CC89C-BFFF-4BD8-95FC-02EEAF3BF2A1}.Release|Any CPU.ActiveCfg = Release|Any CPU
		{7F2CC89C-BFFF-4BD8-95FC-02EEAF3BF2A1}.Release|Any CPU.Build.0 = Release|Any CPU
		{64CE82DF-B0C3-47FD-84B5-6F9DCE2B9D51}.Debug|Any CPU.ActiveCfg = Debug|Any CPU
		{64CE82DF-B0C3-47FD-84B5-6F9DCE2B9D51}.Debug|Any CPU.Build.0 = Debug|Any CPU
		{64CE82DF-B0C3-47FD-84B5-6F9DCE2B9D51}.Release|Any CPU.ActiveCfg = Release|Any CPU
		{64CE82DF-B0C3-47FD-84B5-6F9DCE2B9D51}.Release|Any CPU.Build.0 = Release|Any CPU
		{C7E830E7-D10B-4F22-8582-C0C66AAA4C31}.Debug|Any CPU.ActiveCfg = Debug|Any CPU
		{C7E830E7-D10B-4F22-8582-C0C66AAA4C31}.Debug|Any CPU.Build.0 = Debug|Any CPU
		{C7E830E7-D10B-4F22-8582-C0C66AAA4C31}.Release|Any CPU.ActiveCfg = Release|Any CPU
		{C7E830E7-D10B-4F22-8582-C0C66AAA4C31}.Release|Any CPU.Build.0 = Release|Any CPU
		{A0921DAB-13A3-4B24-B3E8-B2B46E49CC64}.Debug|Any CPU.ActiveCfg = Debug|Any CPU
		{A0921DAB-13A3-4B24-B3E8-B2B46E49CC64}.Debug|Any CPU.Build.0 = Debug|Any CPU
		{A0921DAB-13A3-4B24-B3E8-B2B46E49CC64}.Release|Any CPU.ActiveCfg = Release|Any CPU
		{A0921DAB-13A3-4B24-B3E8-B2B46E49CC64}.Release|Any CPU.Build.0 = Release|Any CPU
	EndGlobalSection
	GlobalSection(SolutionProperties) = preSolution
		HideSolutionNode = FALSE
	EndGlobalSection
EndGlobal
