
Microsoft Visual Studio Solution File, Format Version 12.00
# Visual Studio 2012
Project("{FAE04EC0-301F-11D3-BF4B-00C04F79EFBC}") = "Bookmarks.Models", "Bookmarks.Models\Bookmarks.Models.csproj", "{B9BE77F7-A62E-42AB-A1E8-6A741AF25FE8}"
EndProject
Project("{FAE04EC0-301F-11D3-BF4B-00C04F79EFBC}") = "BookmarksImporter", "BookmarksImporter\BookmarksImporter.csproj", "{AA093067-F8C9-4C54-9CF8-1A5C3B4C7561}"
EndProject
Project("{2150E333-8FDC-42A3-9474-1A3956D46DE8}") = ".nuget", ".nuget", "{7C6D51A1-F82E-41EB-992E-EF131080BCB8}"
	ProjectSection(SolutionItems) = preProject
		.nuget\NuGet.Config = .nuget\NuGet.Config
		.nuget\NuGet.exe = .nuget\NuGet.exe
		.nuget\NuGet.targets = .nuget\NuGet.targets
	EndProjectSection
EndProject
Global
	GlobalSection(SolutionConfigurationPlatforms) = preSolution
		Debug|Any CPU = Debug|Any CPU
		Release|Any CPU = Release|Any CPU
	EndGlobalSection
	GlobalSection(ProjectConfigurationPlatforms) = postSolution
		{B9BE77F7-A62E-42AB-A1E8-6A741AF25FE8}.Debug|Any CPU.ActiveCfg = Debug|Any CPU
		{B9BE77F7-A62E-42AB-A1E8-6A741AF25FE8}.Debug|Any CPU.Build.0 = Debug|Any CPU
		{B9BE77F7-A62E-42AB-A1E8-6A741AF25FE8}.Release|Any CPU.ActiveCfg = Release|Any CPU
		{B9BE77F7-A62E-42AB-A1E8-6A741AF25FE8}.Release|Any CPU.Build.0 = Release|Any CPU
		{AA093067-F8C9-4C54-9CF8-1A5C3B4C7561}.Debug|Any CPU.ActiveCfg = Debug|Any CPU
		{AA093067-F8C9-4C54-9CF8-1A5C3B4C7561}.Debug|Any CPU.Build.0 = Debug|Any CPU
		{AA093067-F8C9-4C54-9CF8-1A5C3B4C7561}.Release|Any CPU.ActiveCfg = Release|Any CPU
		{AA093067-F8C9-4C54-9CF8-1A5C3B4C7561}.Release|Any CPU.Build.0 = Release|Any CPU
	EndGlobalSection
	GlobalSection(SolutionProperties) = preSolution
		HideSolutionNode = FALSE
	EndGlobalSection
EndGlobal
