
Microsoft Visual Studio Solution File, Format Version 12.00
# Visual Studio 2012
Project("{FAE04EC0-301F-11D3-BF4B-00C04F79EFBC}") = "NorthwindEntity.Model", "NorthwindEntity.Model\NorthwindEntity.Model.csproj", "{96991210-DCB4-42E6-A298-05F23F0B62EB}"
EndProject
Project("{FAE04EC0-301F-11D3-BF4B-00C04F79EFBC}") = "Northwind.Demo", "Northwind.Demo\Northwind.Demo.csproj", "{973B7EC3-AADF-4DB2-8533-054A8F4DFD33}"
EndProject
Global
	GlobalSection(SolutionConfigurationPlatforms) = preSolution
		Debug|Any CPU = Debug|Any CPU
		Release|Any CPU = Release|Any CPU
	EndGlobalSection
	GlobalSection(ProjectConfigurationPlatforms) = postSolution
		{96991210-DCB4-42E6-A298-05F23F0B62EB}.Debug|Any CPU.ActiveCfg = Debug|Any CPU
		{96991210-DCB4-42E6-A298-05F23F0B62EB}.Debug|Any CPU.Build.0 = Debug|Any CPU
		{96991210-DCB4-42E6-A298-05F23F0B62EB}.Release|Any CPU.ActiveCfg = Release|Any CPU
		{96991210-DCB4-42E6-A298-05F23F0B62EB}.Release|Any CPU.Build.0 = Release|Any CPU
		{973B7EC3-AADF-4DB2-8533-054A8F4DFD33}.Debug|Any CPU.ActiveCfg = Debug|Any CPU
		{973B7EC3-AADF-4DB2-8533-054A8F4DFD33}.Debug|Any CPU.Build.0 = Debug|Any CPU
		{973B7EC3-AADF-4DB2-8533-054A8F4DFD33}.Release|Any CPU.ActiveCfg = Release|Any CPU
		{973B7EC3-AADF-4DB2-8533-054A8F4DFD33}.Release|Any CPU.Build.0 = Release|Any CPU
	EndGlobalSection
	GlobalSection(SolutionProperties) = preSolution
		HideSolutionNode = FALSE
	EndGlobalSection
EndGlobal
